PODS:
  - Flutter (1.0.0)
  - flutter_video_call (0.0.1):
    - Flutter

DEPENDENCIES:
  - Flutter (from `Flutter`)
  - flutter_video_call (from `.symlinks/plugins/flutter_video_call/ios`)

EXTERNAL SOURCES:
  Flutter:
    :path: Flutter
  flutter_video_call:
    :path: ".symlinks/plugins/flutter_video_call/ios"

SPEC CHECKSUMS:
  Flutter: 50d75fe2f02b26cc09d224853bb45737f8b3214a
  flutter_video_call: cda33a2dc4a0ce04e5726c28949cbc9cd5a1ec56

PODFILE CHECKSUM: aafe91acc616949ddb318b77800a7f51bffa2a4c

COCOAPODS: 1.11.3
